
Microsoft Visual Studio Solution File, Format Version 12.00
# Visual Studio 15
VisualStudioVersion = 15.0.28307.902
MinimumVisualStudioVersion = 10.0.40219.1
Project("{FAE04EC0-301F-11D3-BF4B-00C04F79EFBC}") = "CodeTheWay", "CodeTheWay\CodeTheWay.csproj", "{16975032-2050-45E3-862F-78784E8A8F92}"
EndProject
Global
	GlobalSection(SolutionConfigurationPlatforms) = preSolution
		Debug|Any CPU = Debug|Any CPU
		Release|Any CPU = Release|Any CPU
	EndGlobalSection
	GlobalSection(ProjectConfigurationPlatforms) = postSolution
		{16975032-2050-45E3-862F-78784E8A8F92}.Debug|Any CPU.ActiveCfg = Debug|Any CPU
		{16975032-2050-45E3-862F-78784E8A8F92}.Debug|Any CPU.Build.0 = Debug|Any CPU
		{16975032-2050-45E3-862F-78784E8A8F92}.Release|Any CPU.ActiveCfg = Release|Any CPU
		{16975032-2050-45E3-862F-78784E8A8F92}.Release|Any CPU.Build.0 = Release|Any CPU
	EndGlobalSection
	GlobalSection(SolutionProperties) = preSolution
		HideSolutionNode = FALSE
	EndGlobalSection
	GlobalSection(ExtensibilityGlobals) = postSolution
		SolutionGuid = {20C47B7D-58CE-4D12-AF0D-00AB47C001A4}
	EndGlobalSection
EndGlobal
